
Microsoft Visual Studio Solution File, Format Version 12.00
# Visual Studio 14
VisualStudioVersion = 14.0.25402.0
MinimumVisualStudioVersion = 10.0.40219.1
Project("{FAE04EC0-301F-11D3-BF4B-00C04F79EFBC}") = "UnitTestingSample", "UnitTestingSample\UnitTestingSample.csproj", "{75F39468-10C3-4266-A02B-F189A6845AC6}"
EndProject
Project("{FAE04EC0-301F-11D3-BF4B-00C04F79EFBC}") = "UnitTestingSample.Tests", "UnitTestingSample.Tests\UnitTestingSample.Tests.csproj", "{5F506371-58A7-4F03-8DB1-DFE8F676B7D3}"
EndProject
Project("{FAE04EC0-301F-11D3-BF4B-00C04F79EFBC}") = "TDDSample.Tests", "TDDSample.Tests\TDDSample.Tests.csproj", "{E75E2641-5572-467A-AFB3-F449DE04B874}"
EndProject
Project("{FAE04EC0-301F-11D3-BF4B-00C04F79EFBC}") = "MSFakesSample.Tests", "MSFakesSample.Tests\MSFakesSample.Tests.csproj", "{4ED72C53-CB59-43D3-937A-C24E9AA4ED9E}"
EndProject
Project("{FAE04EC0-301F-11D3-BF4B-00C04F79EFBC}") = "MSFakesSample", "MSFakesSample\MSFakesSample.csproj", "{C0740BC5-E26E-452E-B5E9-929CDCF4F355}"
EndProject
Global
	GlobalSection(SolutionConfigurationPlatforms) = preSolution
		Debug|Any CPU = Debug|Any CPU
		Release|Any CPU = Release|Any CPU
	EndGlobalSection
	GlobalSection(ProjectConfigurationPlatforms) = postSolution
		{75F39468-10C3-4266-A02B-F189A6845AC6}.Debug|Any CPU.ActiveCfg = Debug|Any CPU
		{75F39468-10C3-4266-A02B-F189A6845AC6}.Debug|Any CPU.Build.0 = Debug|Any CPU
		{75F39468-10C3-4266-A02B-F189A6845AC6}.Release|Any CPU.ActiveCfg = Release|Any CPU
		{75F39468-10C3-4266-A02B-F189A6845AC6}.Release|Any CPU.Build.0 = Release|Any CPU
		{5F506371-58A7-4F03-8DB1-DFE8F676B7D3}.Debug|Any CPU.ActiveCfg = Debug|Any CPU
		{5F506371-58A7-4F03-8DB1-DFE8F676B7D3}.Debug|Any CPU.Build.0 = Debug|Any CPU
		{5F506371-58A7-4F03-8DB1-DFE8F676B7D3}.Release|Any CPU.ActiveCfg = Release|Any CPU
		{5F506371-58A7-4F03-8DB1-DFE8F676B7D3}.Release|Any CPU.Build.0 = Release|Any CPU
		{E75E2641-5572-467A-AFB3-F449DE04B874}.Debug|Any CPU.ActiveCfg = Debug|Any CPU
		{E75E2641-5572-467A-AFB3-F449DE04B874}.Debug|Any CPU.Build.0 = Debug|Any CPU
		{E75E2641-5572-467A-AFB3-F449DE04B874}.Release|Any CPU.ActiveCfg = Release|Any CPU
		{E75E2641-5572-467A-AFB3-F449DE04B874}.Release|Any CPU.Build.0 = Release|Any CPU
		{4ED72C53-CB59-43D3-937A-C24E9AA4ED9E}.Debug|Any CPU.ActiveCfg = Debug|Any CPU
		{4ED72C53-CB59-43D3-937A-C24E9AA4ED9E}.Debug|Any CPU.Build.0 = Debug|Any CPU
		{4ED72C53-CB59-43D3-937A-C24E9AA4ED9E}.Release|Any CPU.ActiveCfg = Release|Any CPU
		{4ED72C53-CB59-43D3-937A-C24E9AA4ED9E}.Release|Any CPU.Build.0 = Release|Any CPU
		{C0740BC5-E26E-452E-B5E9-929CDCF4F355}.Debug|Any CPU.ActiveCfg = Debug|Any CPU
		{C0740BC5-E26E-452E-B5E9-929CDCF4F355}.Debug|Any CPU.Build.0 = Debug|Any CPU
		{C0740BC5-E26E-452E-B5E9-929CDCF4F355}.Release|Any CPU.ActiveCfg = Release|Any CPU
		{C0740BC5-E26E-452E-B5E9-929CDCF4F355}.Release|Any CPU.Build.0 = Release|Any CPU
	EndGlobalSection
	GlobalSection(SolutionProperties) = preSolution
		HideSolutionNode = FALSE
	EndGlobalSection
EndGlobal
